// !$*UTF8*$!
{
	archiveVersion = 1;
	classes = {
	};
	objectVersion = 46;
	objects = {

/* Begin PBXBuildFile section */
		4E4600CA1A59533200BCDD9B /* AppDelegate.swift in Sources */ = {isa = PBXBuildFile; fileRef = 4E4600C91A59533200BCDD9B /* AppDelegate.swift */; };
		4E4600CC1A59533200BCDD9B /* ViewController.swift in Sources */ = {isa = PBXBuildFile; fileRef = 4E4600CB1A59533200BCDD9B /* ViewController.swift */; };
		4E4600CF1A59533200BCDD9B /* Main.storyboard in Resources */ = {isa = PBXBuildFile; fileRef = 4E4600CD1A59533200BCDD9B /* Main.storyboard */; };
		4E4600D11A59533200BCDD9B /* Images.xcassets in Resources */ = {isa = PBXBuildFile; fileRef = 4E4600D01A59533200BCDD9B /* Images.xcassets */; };
		4E4600D41A59533200BCDD9B /* LaunchScreen.xib in Resources */ = {isa = PBXBuildFile; fileRef = 4E4600D21A59533200BCDD9B /* LaunchScreen.xib */; };
		4E4600E01A59533200BCDD9B /* StationZTests.swift in Sources */ = {isa = PBXBuildFile; fileRef = 4E4600DF1A59533200BCDD9B /* StationZTests.swift */; };
		4E4600EF1A5956A700BCDD9B /* BerlinBus100.gpx in Resources */ = {isa = PBXBuildFile; fileRef = 4E4600ED1A5956A700BCDD9B /* BerlinBus100.gpx */; };
		4E4600F01A5956A700BCDD9B /* Station.swift in Sources */ = {isa = PBXBuildFile; fileRef = 4E4600EE1A5956A700BCDD9B /* Station.swift */; };
		4E4600F21A595AEB00BCDD9B /* Home.gpx in Resources */ = {isa = PBXBuildFile; fileRef = 4E4600F11A595AEB00BCDD9B /* Home.gpx */; };
		4E4600F41A595B5700BCDD9B /* Uni.gpx in Resources */ = {isa = PBXBuildFile; fileRef = 4E4600F31A595B5700BCDD9B /* Uni.gpx */; };
		4E4601021A5ACF4A00BCDD9B /* HTMLDocument.swift in Sources */ = {isa = PBXBuildFile; fileRef = 4E4600FE1A5ACF4A00BCDD9B /* HTMLDocument.swift */; };
		4E4601031A5ACF4A00BCDD9B /* HTMLNode.swift in Sources */ = {isa = PBXBuildFile; fileRef = 4E4600FF1A5ACF4A00BCDD9B /* HTMLNode.swift */; };
		4E4601041A5ACF4A00BCDD9B /* HTMLNode+XPath.swift in Sources */ = {isa = PBXBuildFile; fileRef = 4E4601001A5ACF4A00BCDD9B /* HTMLNode+XPath.swift */; };
		4EA477BB1A5D426B004E27E5 /* libxml2.dylib in Frameworks */ = {isa = PBXBuildFile; fileRef = 4E4600F51A5ACE4D00BCDD9B /* libxml2.dylib */; };
/* End PBXBuildFile section */

/* Begin PBXContainerItemProxy section */
		4E4600DA1A59533200BCDD9B /* PBXContainerItemProxy */ = {
			isa = PBXContainerItemProxy;
			containerPortal = 4E4600BC1A59533200BCDD9B /* Project object */;
			proxyType = 1;
			remoteGlobalIDString = 4E4600C31A59533200BCDD9B;
			remoteInfo = StationZ;
		};
/* End PBXContainerItemProxy section */

/* Begin PBXFileReference section */
		4E4600C41A59533200BCDD9B /* StationZ.app */ = {isa = PBXFileReference; explicitFileType = wrapper.application; includeInIndex = 0; path = StationZ.app; sourceTree = BUILT_PRODUCTS_DIR; };
		4E4600C81A59533200BCDD9B /* Info.plist */ = {isa = PBXFileReference; lastKnownFileType = text.plist.xml; path = Info.plist; sourceTree = "<group>"; };
		4E4600C91A59533200BCDD9B /* AppDelegate.swift */ = {isa = PBXFileReference; lastKnownFileType = sourcecode.swift; path = AppDelegate.swift; sourceTree = "<group>"; };
		4E4600CB1A59533200BCDD9B /* ViewController.swift */ = {isa = PBXFileReference; lastKnownFileType = sourcecode.swift; path = ViewController.swift; sourceTree = "<group>"; };
		4E4600CE1A59533200BCDD9B /* Base */ = {isa = PBXFileReference; lastKnownFileType = file.storyboard; name = Base; path = Base.lproj/Main.storyboard; sourceTree = "<group>"; };
		4E4600D01A59533200BCDD9B /* Images.xcassets */ = {isa = PBXFileReference; lastKnownFileType = folder.assetcatalog; path = Images.xcassets; sourceTree = "<group>"; };
		4E4600D31A59533200BCDD9B /* Base */ = {isa = PBXFileReference; lastKnownFileType = file.xib; name = Base; path = Base.lproj/LaunchScreen.xib; sourceTree = "<group>"; };
		4E4600D91A59533200BCDD9B /* StationZTests.xctest */ = {isa = PBXFileReference; explicitFileType = wrapper.cfbundle; includeInIndex = 0; path = StationZTests.xctest; sourceTree = BUILT_PRODUCTS_DIR; };
		4E4600DE1A59533200BCDD9B /* Info.plist */ = {isa = PBXFileReference; lastKnownFileType = text.plist.xml; path = Info.plist; sourceTree = "<group>"; };
		4E4600DF1A59533200BCDD9B /* StationZTests.swift */ = {isa = PBXFileReference; lastKnownFileType = sourcecode.swift; path = StationZTests.swift; sourceTree = "<group>"; };
		4E4600ED1A5956A700BCDD9B /* BerlinBus100.gpx */ = {isa = PBXFileReference; fileEncoding = 4; lastKnownFileType = text.xml; path = BerlinBus100.gpx; sourceTree = "<group>"; };
		4E4600EE1A5956A700BCDD9B /* Station.swift */ = {isa = PBXFileReference; fileEncoding = 4; lastKnownFileType = sourcecode.swift; path = Station.swift; sourceTree = "<group>"; };
		4E4600F11A595AEB00BCDD9B /* Home.gpx */ = {isa = PBXFileReference; fileEncoding = 4; lastKnownFileType = text.xml; path = Home.gpx; sourceTree = "<group>"; };
		4E4600F31A595B5700BCDD9B /* Uni.gpx */ = {isa = PBXFileReference; fileEncoding = 4; lastKnownFileType = text.xml; path = Uni.gpx; sourceTree = "<group>"; };
		4E4600F51A5ACE4D00BCDD9B /* libxml2.dylib */ = {isa = PBXFileReference; lastKnownFileType = "compiled.mach-o.dylib"; name = libxml2.dylib; path = usr/lib/libxml2.dylib; sourceTree = SDKROOT; };
		4E4600FE1A5ACF4A00BCDD9B /* HTMLDocument.swift */ = {isa = PBXFileReference; fileEncoding = 4; lastKnownFileType = sourcecode.swift; path = HTMLDocument.swift; sourceTree = "<group>"; };
		4E4600FF1A5ACF4A00BCDD9B /* HTMLNode.swift */ = {isa = PBXFileReference; fileEncoding = 4; lastKnownFileType = sourcecode.swift; path = HTMLNode.swift; sourceTree = "<group>"; };
		4E4601001A5ACF4A00BCDD9B /* HTMLNode+XPath.swift */ = {isa = PBXFileReference; fileEncoding = 4; lastKnownFileType = sourcecode.swift; path = "HTMLNode+XPath.swift"; sourceTree = "<group>"; };
		4E4601051A5AD16400BCDD9B /* StationZ-Bridging-Header.h */ = {isa = PBXFileReference; fileEncoding = 4; lastKnownFileType = sourcecode.c.h; path = "StationZ-Bridging-Header.h"; sourceTree = "<group>"; };
		4EA477B91A5D41EA004E27E5 /* libxml2.2.dylib */ = {isa = PBXFileReference; lastKnownFileType = "compiled.mach-o.dylib"; name = libxml2.2.dylib; path = usr/lib/libxml2.2.dylib; sourceTree = SDKROOT; };
/* End PBXFileReference section */

/* Begin PBXFrameworksBuildPhase section */
		4E4600C11A59533200BCDD9B /* Frameworks */ = {
			isa = PBXFrameworksBuildPhase;
			buildActionMask = 2147483647;
			files = (
				4EA477BB1A5D426B004E27E5 /* libxml2.dylib in Frameworks */,
			);
			runOnlyForDeploymentPostprocessing = 0;
		};
		4E4600D61A59533200BCDD9B /* Frameworks */ = {
			isa = PBXFrameworksBuildPhase;
			buildActionMask = 2147483647;
			files = (
			);
			runOnlyForDeploymentPostprocessing = 0;
		};
/* End PBXFrameworksBuildPhase section */

/* Begin PBXGroup section */
		4E4600BB1A59533200BCDD9B = {
			isa = PBXGroup;
			children = (
				4EA477B91A5D41EA004E27E5 /* libxml2.2.dylib */,
				4E4601051A5AD16400BCDD9B /* StationZ-Bridging-Header.h */,
				4E4600F51A5ACE4D00BCDD9B /* libxml2.dylib */,
				4E4600C61A59533200BCDD9B /* StationZ */,
				4E4600DC1A59533200BCDD9B /* StationZTests */,
				4E4600C51A59533200BCDD9B /* Products */,
			);
			sourceTree = "<group>";
		};
		4E4600C51A59533200BCDD9B /* Products */ = {
			isa = PBXGroup;
			children = (
				4E4600C41A59533200BCDD9B /* StationZ.app */,
				4E4600D91A59533200BCDD9B /* StationZTests.xctest */,
			);
			name = Products;
			sourceTree = "<group>";
		};
		4E4600C61A59533200BCDD9B /* StationZ */ = {
			isa = PBXGroup;
			children = (
				4E4600FE1A5ACF4A00BCDD9B /* HTMLDocument.swift */,
				4E4600FF1A5ACF4A00BCDD9B /* HTMLNode.swift */,
				4E4601001A5ACF4A00BCDD9B /* HTMLNode+XPath.swift */,
				4E4600F31A595B5700BCDD9B /* Uni.gpx */,
				4E4600F11A595AEB00BCDD9B /* Home.gpx */,
				4E4600ED1A5956A700BCDD9B /* BerlinBus100.gpx */,
				4E4600EE1A5956A700BCDD9B /* Station.swift */,
				4E4600C91A59533200BCDD9B /* AppDelegate.swift */,
				4E4600CB1A59533200BCDD9B /* ViewController.swift */,
				4E4600CD1A59533200BCDD9B /* Main.storyboard */,
				4E4600D01A59533200BCDD9B /* Images.xcassets */,
				4E4600D21A59533200BCDD9B /* LaunchScreen.xib */,
				4E4600C71A59533200BCDD9B /* Supporting Files */,
			);
			path = StationZ;
			sourceTree = "<group>";
		};
		4E4600C71A59533200BCDD9B /* Supporting Files */ = {
			isa = PBXGroup;
			children = (
				4E4600C81A59533200BCDD9B /* Info.plist */,
			);
			name = "Supporting Files";
			sourceTree = "<group>";
		};
		4E4600DC1A59533200BCDD9B /* StationZTests */ = {
			isa = PBXGroup;
			children = (
				4E4600DF1A59533200BCDD9B /* StationZTests.swift */,
				4E4600DD1A59533200BCDD9B /* Supporting Files */,
			);
			path = StationZTests;
			sourceTree = "<group>";
		};
		4E4600DD1A59533200BCDD9B /* Supporting Files */ = {
			isa = PBXGroup;
			children = (
				4E4600DE1A59533200BCDD9B /* Info.plist */,
			);
			name = "Supporting Files";
			sourceTree = "<group>";
		};
/* End PBXGroup section */

/* Begin PBXNativeTarget section */
		4E4600C31A59533200BCDD9B /* StationZ */ = {
			isa = PBXNativeTarget;
			buildConfigurationList = 4E4600E31A59533200BCDD9B /* Build configuration list for PBXNativeTarget "StationZ" */;
			buildPhases = (
				4E4600C01A59533200BCDD9B /* Sources */,
				4E4600C11A59533200BCDD9B /* Frameworks */,
				4E4600C21A59533200BCDD9B /* Resources */,
			);
			buildRules = (
			);
			dependencies = (
			);
			name = StationZ;
			productName = StationZ;
			productReference = 4E4600C41A59533200BCDD9B /* StationZ.app */;
			productType = "com.apple.product-type.application";
		};
		4E4600D81A59533200BCDD9B /* StationZTests */ = {
			isa = PBXNativeTarget;
			buildConfigurationList = 4E4600E61A59533200BCDD9B /* Build configuration list for PBXNativeTarget "StationZTests" */;
			buildPhases = (
				4E4600D51A59533200BCDD9B /* Sources */,
				4E4600D61A59533200BCDD9B /* Frameworks */,
				4E4600D71A59533200BCDD9B /* Resources */,
			);
			buildRules = (
			);
			dependencies = (
				4E4600DB1A59533200BCDD9B /* PBXTargetDependency */,
			);
			name = StationZTests;
			productName = StationZTests;
			productReference = 4E4600D91A59533200BCDD9B /* StationZTests.xctest */;
			productType = "com.apple.product-type.bundle.unit-test";
		};
/* End PBXNativeTarget section */

/* Begin PBXProject section */
		4E4600BC1A59533200BCDD9B /* Project object */ = {
			isa = PBXProject;
			attributes = {
				LastUpgradeCheck = 0610;
				ORGANIZATIONNAME = pennyland;
				TargetAttributes = {
					4E4600C31A59533200BCDD9B = {
						CreatedOnToolsVersion = 6.1;
					};
					4E4600D81A59533200BCDD9B = {
						CreatedOnToolsVersion = 6.1;
						TestTargetID = 4E4600C31A59533200BCDD9B;
					};
				};
			};
			buildConfigurationList = 4E4600BF1A59533200BCDD9B /* Build configuration list for PBXProject "StationZ" */;
			compatibilityVersion = "Xcode 3.2";
			developmentRegion = English;
			hasScannedForEncodings = 0;
			knownRegions = (
				en,
				Base,
			);
			mainGroup = 4E4600BB1A59533200BCDD9B;
			productRefGroup = 4E4600C51A59533200BCDD9B /* Products */;
			projectDirPath = "";
			projectRoot = "";
			targets = (
				4E4600C31A59533200BCDD9B /* StationZ */,
				4E4600D81A59533200BCDD9B /* StationZTests */,
			);
		};
/* End PBXProject section */

/* Begin PBXResourcesBuildPhase section */
		4E4600C21A59533200BCDD9B /* Resources */ = {
			isa = PBXResourcesBuildPhase;
			buildActionMask = 2147483647;
			files = (
				4E4600EF1A5956A700BCDD9B /* BerlinBus100.gpx in Resources */,
				4E4600CF1A59533200BCDD9B /* Main.storyboard in Resources */,
				4E4600F21A595AEB00BCDD9B /* Home.gpx in Resources */,
				4E4600D41A59533200BCDD9B /* LaunchScreen.xib in Resources */,
				4E4600F41A595B5700BCDD9B /* Uni.gpx in Resources */,
				4E4600D11A59533200BCDD9B /* Images.xcassets in Resources */,
			);
			runOnlyForDeploymentPostprocessing = 0;
		};
		4E4600D71A59533200BCDD9B /* Resources */ = {
			isa = PBXResourcesBuildPhase;
			buildActionMask = 2147483647;
			files = (
			);
			runOnlyForDeploymentPostprocessing = 0;
		};
/* End PBXResourcesBuildPhase section */

/* Begin PBXSourcesBuildPhase section */
		4E4600C01A59533200BCDD9B /* Sources */ = {
			isa = PBXSourcesBuildPhase;
			buildActionMask = 2147483647;
			files = (
				4E4601041A5ACF4A00BCDD9B /* HTMLNode+XPath.swift in Sources */,
				4E4600CC1A59533200BCDD9B /* ViewController.swift in Sources */,
				4E4601021A5ACF4A00BCDD9B /* HTMLDocument.swift in Sources */,
				4E4600F01A5956A700BCDD9B /* Station.swift in Sources */,
				4E4601031A5ACF4A00BCDD9B /* HTMLNode.swift in Sources */,
				4E4600CA1A59533200BCDD9B /* AppDelegate.swift in Sources */,
			);
			runOnlyForDeploymentPostprocessing = 0;
		};
		4E4600D51A59533200BCDD9B /* Sources */ = {
			isa = PBXSourcesBuildPhase;
			buildActionMask = 2147483647;
			files = (
				4E4600E01A59533200BCDD9B /* StationZTests.swift in Sources */,
			);
			runOnlyForDeploymentPostprocessing = 0;
		};
/* End PBXSourcesBuildPhase section */

/* Begin PBXTargetDependency section */
		4E4600DB1A59533200BCDD9B /* PBXTargetDependency */ = {
			isa = PBXTargetDependency;
			target = 4E4600C31A59533200BCDD9B /* StationZ */;
			targetProxy = 4E4600DA1A59533200BCDD9B /* PBXContainerItemProxy */;
		};
/* End PBXTargetDependency section */

/* Begin PBXVariantGroup section */
		4E4600CD1A59533200BCDD9B /* Main.storyboard */ = {
			isa = PBXVariantGroup;
			children = (
				4E4600CE1A59533200BCDD9B /* Base */,
			);
			name = Main.storyboard;
			sourceTree = "<group>";
		};
		4E4600D21A59533200BCDD9B /* LaunchScreen.xib */ = {
			isa = PBXVariantGroup;
			children = (
				4E4600D31A59533200BCDD9B /* Base */,
			);
			name = LaunchScreen.xib;
			sourceTree = "<group>";
		};
/* End PBXVariantGroup section */

/* Begin XCBuildConfiguration section */
		4E4600E11A59533200BCDD9B /* Debug */ = {
			isa = XCBuildConfiguration;
			buildSettings = {
				ALWAYS_SEARCH_USER_PATHS = NO;
				CLANG_CXX_LANGUAGE_STANDARD = "gnu++0x";
				CLANG_CXX_LIBRARY = "libc++";
				CLANG_ENABLE_MODULES = YES;
				CLANG_ENABLE_OBJC_ARC = YES;
				CLANG_WARN_BOOL_CONVERSION = YES;
				CLANG_WARN_CONSTANT_CONVERSION = YES;
				CLANG_WARN_DIRECT_OBJC_ISA_USAGE = YES_ERROR;
				CLANG_WARN_EMPTY_BODY = YES;
				CLANG_WARN_ENUM_CONVERSION = YES;
				CLANG_WARN_INT_CONVERSION = YES;
				CLANG_WARN_OBJC_ROOT_CLASS = YES_ERROR;
				CLANG_WARN_UNREACHABLE_CODE = YES;
				CLANG_WARN__DUPLICATE_METHOD_MATCH = YES;
				"CODE_SIGN_IDENTITY[sdk=iphoneos*]" = "iPhone Developer";
				COPY_PHASE_STRIP = NO;
				ENABLE_STRICT_OBJC_MSGSEND = YES;
				GCC_C_LANGUAGE_STANDARD = gnu99;
				GCC_DYNAMIC_NO_PIC = NO;
				GCC_OPTIMIZATION_LEVEL = 0;
				GCC_PREPROCESSOR_DEFINITIONS = (
					"DEBUG=1",
					"$(inherited)",
				);
				GCC_SYMBOLS_PRIVATE_EXTERN = NO;
				GCC_WARN_64_TO_32_BIT_CONVERSION = YES;
				GCC_WARN_ABOUT_RETURN_TYPE = YES_ERROR;
				GCC_WARN_UNDECLARED_SELECTOR = YES;
				GCC_WARN_UNINITIALIZED_AUTOS = YES_AGGRESSIVE;
				GCC_WARN_UNUSED_FUNCTION = YES;
				GCC_WARN_UNUSED_VARIABLE = YES;
				IPHONEOS_DEPLOYMENT_TARGET = 8.1;
				MTL_ENABLE_DEBUG_INFO = YES;
				ONLY_ACTIVE_ARCH = YES;
				SDKROOT = iphoneos;
				SWIFT_OPTIMIZATION_LEVEL = "-Onone";
				TARGETED_DEVICE_FAMILY = "1,2";
			};
			name = Debug;
		};
		4E4600E21A59533200BCDD9B /* Release */ = {
			isa = XCBuildConfiguration;
			buildSettings = {
				ALWAYS_SEARCH_USER_PATHS = NO;
				CLANG_CXX_LANGUAGE_STANDARD = "gnu++0x";
				CLANG_CXX_LIBRARY = "libc++";
				CLANG_ENABLE_MODULES = YES;
				CLANG_ENABLE_OBJC_ARC = YES;
				CLANG_WARN_BOOL_CONVERSION = YES;
				CLANG_WARN_CONSTANT_CONVERSION = YES;
				CLANG_WARN_DIRECT_OBJC_ISA_USAGE = YES_ERROR;
				CLANG_WARN_EMPTY_BODY = YES;
				CLANG_WARN_ENUM_CONVERSION = YES;
				CLANG_WARN_INT_CONVERSION = YES;
				CLANG_WARN_OBJC_ROOT_CLASS = YES_ERROR;
				CLANG_WARN_UNREACHABLE_CODE = YES;
				CLANG_WARN__DUPLICATE_METHOD_MATCH = YES;
				"CODE_SIGN_IDENTITY[sdk=iphoneos*]" = "iPhone Developer";
				COPY_PHASE_STRIP = YES;
				ENABLE_NS_ASSERTIONS = NO;
				ENABLE_STRICT_OBJC_MSGSEND = YES;
				GCC_C_LANGUAGE_STANDARD = gnu99;
				GCC_WARN_64_TO_32_BIT_CONVERSION = YES;
				GCC_WARN_ABOUT_RETURN_TYPE = YES_ERROR;
				GCC_WARN_UNDECLARED_SELECTOR = YES;
				GCC_WARN_UNINITIALIZED_AUTOS = YES_AGGRESSIVE;
				GCC_WARN_UNUSED_FUNCTION = YES;
				GCC_WARN_UNUSED_VARIABLE = YES;
				IPHONEOS_DEPLOYMENT_TARGET = 8.1;
				MTL_ENABLE_DEBUG_INFO = NO;
				SDKROOT = iphoneos;
				TARGETED_DEVICE_FAMILY = "1,2";
				VALIDATE_PRODUCT = YES;
			};
			name = Release;
		};
		4E4600E41A59533200BCDD9B /* Debug */ = {
			isa = XCBuildConfiguration;
			buildSettings = {
				ASSETCATALOG_COMPILER_APPICON_NAME = AppIcon;
				HEADER_SEARCH_PATHS = (
					"$(inherited)",
					/Applications/Xcode.app/Contents/Developer/Toolchains/XcodeDefault.xctoolchain/usr/include,
					$SDKROOT/usr/include/libxml2,
				);
				INFOPLIST_FILE = StationZ/Info.plist;
				LD_RUNPATH_SEARCH_PATHS = "$(inherited) @executable_path/Frameworks";
				OTHER_LDFLAGS = "-lxml2";
				PRODUCT_NAME = "$(TARGET_NAME)";
				SWIFT_OBJC_BRIDGING_HEADER = "StationZ-Bridging-Header.h";
			};
			name = Debug;
		};
		4E4600E51A59533200BCDD9B /* Release */ = {
			isa = XCBuildConfiguration;
			buildSettings = {
				ASSETCATALOG_COMPILER_APPICON_NAME = AppIcon;
				HEADER_SEARCH_PATHS = (
					"$(inherited)",
					/Applications/Xcode.app/Contents/Developer/Toolchains/XcodeDefault.xctoolchain/usr/include,
					$SDKROOT/usr/include/libxml2,
				);
				INFOPLIST_FILE = StationZ/Info.plist;
				LD_RUNPATH_SEARCH_PATHS = "$(inherited) @executable_path/Frameworks";
				OTHER_LDFLAGS = "-lxml2";
				PRODUCT_NAME = "$(TARGET_NAME)";
				SWIFT_OBJC_BRIDGING_HEADER = "StationZ-Bridging-Header.h";
			};
			name = Release;
		};
		4E4600E71A59533200BCDD9B /* Debug */ = {
			isa = XCBuildConfiguration;
			buildSettings = {
				BUNDLE_LOADER = "$(TEST_HOST)";
				FRAMEWORK_SEARCH_PATHS = (
					"$(SDKROOT)/Developer/Library/Frameworks",
					"$(inherited)",
				);
				GCC_PREPROCESSOR_DEFINITIONS = (
					"DEBUG=1",
					"$(inherited)",
				);
				INFOPLIST_FILE = StationZTests/Info.plist;
				LD_RUNPATH_SEARCH_PATHS = "$(inherited) @executable_path/Frameworks @loader_path/Frameworks";
				PRODUCT_NAME = "$(TARGET_NAME)";
				TEST_HOST = "$(BUILT_PRODUCTS_DIR)/StationZ.app/StationZ";
			};
			name = Debug;
		};
		4E4600E81A59533200BCDD9B /* Release */ = {
			isa = XCBuildConfiguration;
			buildSettings = {
				BUNDLE_LOADER = "$(TEST_HOST)";
				FRAMEWORK_SEARCH_PATHS = (
					"$(SDKROOT)/Developer/Library/Frameworks",
					"$(inherited)",
				);
				INFOPLIST_FILE = StationZTests/Info.plist;
				LD_RUNPATH_SEARCH_PATHS = "$(inherited) @executable_path/Frameworks @loader_path/Frameworks";
				PRODUCT_NAME = "$(TARGET_NAME)";
				TEST_HOST = "$(BUILT_PRODUCTS_DIR)/StationZ.app/StationZ";
			};
			name = Release;
		};
/* End XCBuildConfiguration section */

/* Begin XCConfigurationList section */
		4E4600BF1A59533200BCDD9B /* Build configuration list for PBXProject "StationZ" */ = {
			isa = XCConfigurationList;
			buildConfigurations = (
				4E4600E11A59533200BCDD9B /* Debug */,
				4E4600E21A59533200BCDD9B /* Release */,
			);
			defaultConfigurationIsVisible = 0;
			defaultConfigurationName = Release;
		};
		4E4600E31A59533200BCDD9B /* Build configuration list for PBXNativeTarget "StationZ" */ = {
			isa = XCConfigurationList;
			buildConfigurations = (
				4E4600E41A59533200BCDD9B /* Debug */,
				4E4600E51A59533200BCDD9B /* Release */,
			);
			defaultConfigurationIsVisible = 0;
			defaultConfigurationName = Release;
		};
		4E4600E61A59533200BCDD9B /* Build configuration list for PBXNativeTarget "StationZTests" */ = {
			isa = XCConfigurationList;
			buildConfigurations = (
				4E4600E71A59533200BCDD9B /* Debug */,
				4E4600E81A59533200BCDD9B /* Release */,
			);
			defaultConfigurationIsVisible = 0;
			defaultConfigurationName = Release;
		};
/* End XCConfigurationList section */
	};
	rootObject = 4E4600BC1A59533200BCDD9B /* Project object */;
}
